<?xml version="1.0" encoding="utf-8"?>
<Project ToolsVersion="4.0" xmlns="http://schemas.microsoft.com/developer/msbuild/2003">
  <ItemGroup>
    <Filter Include="源文件">
      <UniqueIdentifier>{4FC737F1-C7A5-4376-A066-2A32D752A2FF}</UniqueIdentifier>
      <Extensions>cpp;c;cc;cxx;c++;cppm;ixx;def;odl;idl;hpj;bat;asm;asmx</Extensions>
    </Filter>
    <Filter Include="头文件">
      <UniqueIdentifier>{93995380-89BD-4b04-88EB-625FBE52EBFB}</UniqueIdentifier>
      <Extensions>h;hh;hpp;hxx;h++;hm;inl;inc;ipp;xsd</Extensions>
    </Filter>
    <Filter Include="资源文件">
      <UniqueIdentifier>{67DA6AB6-F800-4c08-8B7A-83BB121AAD01}</UniqueIdentifier>
      <Extensions>rc;ico;cur;bmp;dlg;rc2;rct;bin;rgs;gif;jpg;jpeg;jpe;resx;tiff;tif;png;wav;mfcribbon-ms</Extensions>
    </Filter>
    <Filter Include="Public">
      <UniqueIdentifier>{ab3f2739-e5b3-49bd-88d2-e42c41d5ccf9}</UniqueIdentifier>
    </Filter>
    <Filter Include="Public\kEncrypt">
      <UniqueIdentifier>{1b08ed08-5f56-4d0c-9c12-18cd2c049b56}</UniqueIdentifier>
    </Filter>
    <Filter Include="Public\kEncrypt\implement">
      <UniqueIdentifier>{4e23a824-a758-4251-a2e7-aa8b35d7a739}</UniqueIdentifier>
    </Filter>
    <Filter Include="Public\kString">
      <UniqueIdentifier>{0c2ed6b3-3b62-4920-b423-806d3d4c55d3}</UniqueIdentifier>
    </Filter>
  </ItemGroup>
  <ItemGroup>
    <ClCompile Include="TestMain.cpp">
      <Filter>源文件</Filter>
    </ClCompile>
    <ClCompile Include="DllFuncReader.cpp">
      <Filter>源文件</Filter>
    </ClCompile>
    <ClCompile Include="LetObject\LetManager.cpp">
      <Filter>Public</Filter>
    </ClCompile>
    <ClCompile Include="LetObject\LetObject.cpp">
      <Filter>Public</Filter>
    </ClCompile>
    <ClCompile Include="LetObject\LetObjectOperator.cpp">
      <Filter>Public</Filter>
    </ClCompile>
    <ClCompile Include="..\..\..\QuickLib\QuickLib\QuickLib\kEncrypt\base64.cpp">
      <Filter>Public\kEncrypt</Filter>
    </ClCompile>
    <ClCompile Include="..\..\..\QuickLib\QuickLib\QuickLib\kEncrypt\md5.cpp">
      <Filter>Public\kEncrypt</Filter>
    </ClCompile>
    <ClCompile Include="..\..\..\QuickLib\QuickLib\QuickLib\kEncrypt\implement\md5encrypt.cpp">
      <Filter>Public\kEncrypt\implement</Filter>
    </ClCompile>
    <ClCompile Include="..\..\..\QuickLib\QuickLib\QuickLib\kString\kString.cpp">
      <Filter>Public\kString</Filter>
    </ClCompile>
    <ClCompile Include="..\..\array\std_array\Public\AutoObject\LetArrayMotion.cpp">
      <Filter>Public</Filter>
    </ClCompile>
  </ItemGroup>
  <ItemGroup>
    <ClInclude Include="DllFuncReader.h">
      <Filter>头文件</Filter>
    </ClInclude>
    <ClInclude Include="LetObject\letMacro.h">
      <Filter>Public</Filter>
    </ClInclude>
    <ClInclude Include="LetObject\LetManager.h">
      <Filter>Public</Filter>
    </ClInclude>
    <ClInclude Include="LetObject\LetObject.h">
      <Filter>Public</Filter>
    </ClInclude>
    <ClInclude Include="..\..\..\QuickLib\QuickLib\QuickLib\kEncrypt\base64.h">
      <Filter>Public\kEncrypt</Filter>
    </ClInclude>
    <ClInclude Include="..\..\..\QuickLib\QuickLib\QuickLib\kEncrypt\md5.h">
      <Filter>Public\kEncrypt</Filter>
    </ClInclude>
    <ClInclude Include="..\..\..\QuickLib\QuickLib\QuickLib\kEncrypt\implement\md5encrypt.h">
      <Filter>Public\kEncrypt\implement</Filter>
    </ClInclude>
    <ClInclude Include="..\..\..\QuickLib\QuickLib\QuickLib\kString\kString.h">
      <Filter>Public\kString</Filter>
    </ClInclude>
    <ClInclude Include="..\..\..\QuickLib\QuickLib\QuickLib\encrypt.h">
      <Filter>Public</Filter>
    </ClInclude>
    <ClInclude Include="..\..\..\QuickLib\QuickLib\QuickLib\quicklib.h">
      <Filter>Public</Filter>
    </ClInclude>
    <ClInclude Include="..\..\..\QuickLib\QuickLib\QuickLib\string.h">
      <Filter>Public</Filter>
    </ClInclude>
    <ClInclude Include="..\..\array\std_array\Public\AutoObject\LetArrayMotion.h">
      <Filter>Public</Filter>
    </ClInclude>
  </ItemGroup>
  <ItemGroup>
    <None Include="LetObject\LetObject.tpp">
      <Filter>Public</Filter>
    </None>
    <None Include="..\..\..\QuickLib\QuickLib\QuickLib\kString\kString.tpp">
      <Filter>Public\kString</Filter>
    </None>
  </ItemGroup>
</Project>