
Microsoft Visual Studio Solution File, Format Version 12.00
# Visual Studio Version 17
VisualStudioVersion = 17.6.33815.320
MinimumVisualStudioVersion = 10.0.40219.1
Project("{8BC9CEB8-8B4A-11D0-8D11-00A0C91BC942}") = "TestMain", "TestMain.vcxproj", "{DC590D5D-A476-4F96-A1A3-35BF75BB5B19}"
	ProjectSection(ProjectDependencies) = postProject
		{85276E91-3248-4EAC-A6FE-908426646113} = {85276E91-3248-4EAC-A6FE-908426646113}
		{E6F41A24-4141-4989-B47C-9EFE5F915EAC} = {E6F41A24-4141-4989-B47C-9EFE5F915EAC}
	EndProjectSection
EndProject
Project("{8BC9CEB8-8B4A-11D0-8D11-00A0C91BC942}") = "std_io", "..\..\io\std_io\std_io.vcxproj", "{F567BA62-12B4-4B6B-94FE-120E6CEC92AA}"
	ProjectSection(ProjectDependencies) = postProject
		{E6F41A24-4141-4989-B47C-9EFE5F915EAC} = {E6F41A24-4141-4989-B47C-9EFE5F915EAC}
	EndProjectSection
EndProject
Project("{8BC9CEB8-8B4A-11D0-8D11-00A0C91BC942}") = "QuickLib", "..\..\..\QuickLib\QuickLib\QuickLib.vcxproj", "{E6F41A24-4141-4989-B47C-9EFE5F915EAC}"
EndProject
Project("{8BC9CEB8-8B4A-11D0-8D11-00A0C91BC942}") = "std_os", "..\..\os\std_os\std_os.vcxproj", "{4EB66B21-DF54-4F0E-A8FA-D17CEF855DB6}"
	ProjectSection(ProjectDependencies) = postProject
		{E6F41A24-4141-4989-B47C-9EFE5F915EAC} = {E6F41A24-4141-4989-B47C-9EFE5F915EAC}
	EndProjectSection
EndProject
Project("{8BC9CEB8-8B4A-11D0-8D11-00A0C91BC942}") = "std_math", "..\..\math\std_math\std_math.vcxproj", "{B3F4EBF1-C618-40D5-88E5-A2573EA84E8B}"
	ProjectSection(ProjectDependencies) = postProject
		{E6F41A24-4141-4989-B47C-9EFE5F915EAC} = {E6F41A24-4141-4989-B47C-9EFE5F915EAC}
	EndProjectSection
EndProject
Project("{8BC9CEB8-8B4A-11D0-8D11-00A0C91BC942}") = "std_string", "..\..\string\std_string\std_string.vcxproj", "{A5DA293C-2866-49E6-9F02-0174E69F00D5}"
	ProjectSection(ProjectDependencies) = postProject
		{E6F41A24-4141-4989-B47C-9EFE5F915EAC} = {E6F41A24-4141-4989-B47C-9EFE5F915EAC}
	EndProjectSection
EndProject
Project("{8BC9CEB8-8B4A-11D0-8D11-00A0C91BC942}") = "std_array", "..\..\array\std_array\std_array.vcxproj", "{8546182C-2784-422A-9379-CA4C711CE9EC}"
	ProjectSection(ProjectDependencies) = postProject
		{E6F41A24-4141-4989-B47C-9EFE5F915EAC} = {E6F41A24-4141-4989-B47C-9EFE5F915EAC}
	EndProjectSection
EndProject
Project("{8BC9CEB8-8B4A-11D0-8D11-00A0C91BC942}") = "std_time", "..\..\time\std_time\std_time.vcxproj", "{85276E91-3248-4EAC-A6FE-908426646113}"
	ProjectSection(ProjectDependencies) = postProject
		{E6F41A24-4141-4989-B47C-9EFE5F915EAC} = {E6F41A24-4141-4989-B47C-9EFE5F915EAC}
	EndProjectSection
EndProject
Project("{8BC9CEB8-8B4A-11D0-8D11-00A0C91BC942}") = "std_type", "..\..\type\std_type\std_type.vcxproj", "{BC9CF371-3187-4AA0-A67A-3FD3FACB1D7F}"
	ProjectSection(ProjectDependencies) = postProject
		{E6F41A24-4141-4989-B47C-9EFE5F915EAC} = {E6F41A24-4141-4989-B47C-9EFE5F915EAC}
	EndProjectSection
EndProject
Project("{8BC9CEB8-8B4A-11D0-8D11-00A0C91BC942}") = "std_dialog", "..\..\window\std_window\std_window\std_window.vcxproj", "{DF7A951D-2CFF-4C5F-9487-4751BA720608}"
	ProjectSection(ProjectDependencies) = postProject
		{E6F41A24-4141-4989-B47C-9EFE5F915EAC} = {E6F41A24-4141-4989-B47C-9EFE5F915EAC}
	EndProjectSection
EndProject
Project("{8BC9CEB8-8B4A-11D0-8D11-00A0C91BC942}") = "std_thread", "..\..\thread\std_thread\std_thread.vcxproj", "{5570B924-EE6B-499A-B42E-B10069F9E36B}"
	ProjectSection(ProjectDependencies) = postProject
		{E6F41A24-4141-4989-B47C-9EFE5F915EAC} = {E6F41A24-4141-4989-B47C-9EFE5F915EAC}
	EndProjectSection
EndProject
Project("{8BC9CEB8-8B4A-11D0-8D11-00A0C91BC942}") = "std_socket", "..\..\socket\std_socket\std_socket.vcxproj", "{C07E1E42-6B84-43C2-AC45-3441395743DB}"
	ProjectSection(ProjectDependencies) = postProject
		{E6F41A24-4141-4989-B47C-9EFE5F915EAC} = {E6F41A24-4141-4989-B47C-9EFE5F915EAC}
	EndProjectSection
EndProject
Project("{8BC9CEB8-8B4A-11D0-8D11-00A0C91BC942}") = "std_direct", "..\..\direct\std_direct\std_direct.vcxproj", "{4770B335-8F7E-412E-8217-CAAC0AB49D64}"
	ProjectSection(ProjectDependencies) = postProject
		{E6F41A24-4141-4989-B47C-9EFE5F915EAC} = {E6F41A24-4141-4989-B47C-9EFE5F915EAC}
	EndProjectSection
EndProject
Global
	GlobalSection(SolutionConfigurationPlatforms) = preSolution
		Debug|x64 = Debug|x64
		Debug|x86 = Debug|x86
		Release|x64 = Release|x64
		Release|x86 = Release|x86
	EndGlobalSection
	GlobalSection(ProjectConfigurationPlatforms) = postSolution
		{DC590D5D-A476-4F96-A1A3-35BF75BB5B19}.Debug|x64.ActiveCfg = Debug|x64
		{DC590D5D-A476-4F96-A1A3-35BF75BB5B19}.Debug|x64.Build.0 = Debug|x64
		{DC590D5D-A476-4F96-A1A3-35BF75BB5B19}.Debug|x86.ActiveCfg = Debug|Win32
		{DC590D5D-A476-4F96-A1A3-35BF75BB5B19}.Debug|x86.Build.0 = Debug|Win32
		{DC590D5D-A476-4F96-A1A3-35BF75BB5B19}.Release|x64.ActiveCfg = Release|x64
		{DC590D5D-A476-4F96-A1A3-35BF75BB5B19}.Release|x64.Build.0 = Release|x64
		{DC590D5D-A476-4F96-A1A3-35BF75BB5B19}.Release|x86.ActiveCfg = Release|Win32
		{DC590D5D-A476-4F96-A1A3-35BF75BB5B19}.Release|x86.Build.0 = Release|Win32
		{F567BA62-12B4-4B6B-94FE-120E6CEC92AA}.Debug|x64.ActiveCfg = Debug|x64
		{F567BA62-12B4-4B6B-94FE-120E6CEC92AA}.Debug|x64.Build.0 = Debug|x64
		{F567BA62-12B4-4B6B-94FE-120E6CEC92AA}.Debug|x86.ActiveCfg = Debug|Win32
		{F567BA62-12B4-4B6B-94FE-120E6CEC92AA}.Debug|x86.Build.0 = Debug|Win32
		{F567BA62-12B4-4B6B-94FE-120E6CEC92AA}.Release|x64.ActiveCfg = Release|x64
		{F567BA62-12B4-4B6B-94FE-120E6CEC92AA}.Release|x64.Build.0 = Release|x64
		{F567BA62-12B4-4B6B-94FE-120E6CEC92AA}.Release|x86.ActiveCfg = Release|Win32
		{F567BA62-12B4-4B6B-94FE-120E6CEC92AA}.Release|x86.Build.0 = Release|Win32
		{E6F41A24-4141-4989-B47C-9EFE5F915EAC}.Debug|x64.ActiveCfg = Debug|x64
		{E6F41A24-4141-4989-B47C-9EFE5F915EAC}.Debug|x64.Build.0 = Debug|x64
		{E6F41A24-4141-4989-B47C-9EFE5F915EAC}.Debug|x86.ActiveCfg = Debug|Win32
		{E6F41A24-4141-4989-B47C-9EFE5F915EAC}.Debug|x86.Build.0 = Debug|Win32
		{E6F41A24-4141-4989-B47C-9EFE5F915EAC}.Release|x64.ActiveCfg = Release|x64
		{E6F41A24-4141-4989-B47C-9EFE5F915EAC}.Release|x64.Build.0 = Release|x64
		{E6F41A24-4141-4989-B47C-9EFE5F915EAC}.Release|x86.ActiveCfg = Release|Win32
		{E6F41A24-4141-4989-B47C-9EFE5F915EAC}.Release|x86.Build.0 = Release|Win32
		{4EB66B21-DF54-4F0E-A8FA-D17CEF855DB6}.Debug|x64.ActiveCfg = Debug|x64
		{4EB66B21-DF54-4F0E-A8FA-D17CEF855DB6}.Debug|x64.Build.0 = Debug|x64
		{4EB66B21-DF54-4F0E-A8FA-D17CEF855DB6}.Debug|x86.ActiveCfg = Debug|Win32
		{4EB66B21-DF54-4F0E-A8FA-D17CEF855DB6}.Debug|x86.Build.0 = Debug|Win32
		{4EB66B21-DF54-4F0E-A8FA-D17CEF855DB6}.Release|x64.ActiveCfg = Release|x64
		{4EB66B21-DF54-4F0E-A8FA-D17CEF855DB6}.Release|x64.Build.0 = Release|x64
		{4EB66B21-DF54-4F0E-A8FA-D17CEF855DB6}.Release|x86.ActiveCfg = Release|Win32
		{4EB66B21-DF54-4F0E-A8FA-D17CEF855DB6}.Release|x86.Build.0 = Release|Win32
		{B3F4EBF1-C618-40D5-88E5-A2573EA84E8B}.Debug|x64.ActiveCfg = Debug|x64
		{B3F4EBF1-C618-40D5-88E5-A2573EA84E8B}.Debug|x64.Build.0 = Debug|x64
		{B3F4EBF1-C618-40D5-88E5-A2573EA84E8B}.Debug|x86.ActiveCfg = Debug|Win32
		{B3F4EBF1-C618-40D5-88E5-A2573EA84E8B}.Debug|x86.Build.0 = Debug|Win32
		{B3F4EBF1-C618-40D5-88E5-A2573EA84E8B}.Release|x64.ActiveCfg = Release|x64
		{B3F4EBF1-C618-40D5-88E5-A2573EA84E8B}.Release|x64.Build.0 = Release|x64
		{B3F4EBF1-C618-40D5-88E5-A2573EA84E8B}.Release|x86.ActiveCfg = Release|Win32
		{B3F4EBF1-C618-40D5-88E5-A2573EA84E8B}.Release|x86.Build.0 = Release|Win32
		{A5DA293C-2866-49E6-9F02-0174E69F00D5}.Debug|x64.ActiveCfg = Debug|x64
		{A5DA293C-2866-49E6-9F02-0174E69F00D5}.Debug|x64.Build.0 = Debug|x64
		{A5DA293C-2866-49E6-9F02-0174E69F00D5}.Debug|x86.ActiveCfg = Debug|Win32
		{A5DA293C-2866-49E6-9F02-0174E69F00D5}.Debug|x86.Build.0 = Debug|Win32
		{A5DA293C-2866-49E6-9F02-0174E69F00D5}.Release|x64.ActiveCfg = Release|x64
		{A5DA293C-2866-49E6-9F02-0174E69F00D5}.Release|x64.Build.0 = Release|x64
		{A5DA293C-2866-49E6-9F02-0174E69F00D5}.Release|x86.ActiveCfg = Release|Win32
		{A5DA293C-2866-49E6-9F02-0174E69F00D5}.Release|x86.Build.0 = Release|Win32
		{8546182C-2784-422A-9379-CA4C711CE9EC}.Debug|x64.ActiveCfg = Debug|x64
		{8546182C-2784-422A-9379-CA4C711CE9EC}.Debug|x64.Build.0 = Debug|x64
		{8546182C-2784-422A-9379-CA4C711CE9EC}.Debug|x86.ActiveCfg = Debug|Win32
		{8546182C-2784-422A-9379-CA4C711CE9EC}.Debug|x86.Build.0 = Debug|Win32
		{8546182C-2784-422A-9379-CA4C711CE9EC}.Release|x64.ActiveCfg = Release|x64
		{8546182C-2784-422A-9379-CA4C711CE9EC}.Release|x64.Build.0 = Release|x64
		{8546182C-2784-422A-9379-CA4C711CE9EC}.Release|x86.ActiveCfg = Release|Win32
		{8546182C-2784-422A-9379-CA4C711CE9EC}.Release|x86.Build.0 = Release|Win32
		{85276E91-3248-4EAC-A6FE-908426646113}.Debug|x64.ActiveCfg = Debug|x64
		{85276E91-3248-4EAC-A6FE-908426646113}.Debug|x64.Build.0 = Debug|x64
		{85276E91-3248-4EAC-A6FE-908426646113}.Debug|x86.ActiveCfg = Debug|Win32
		{85276E91-3248-4EAC-A6FE-908426646113}.Debug|x86.Build.0 = Debug|Win32
		{85276E91-3248-4EAC-A6FE-908426646113}.Release|x64.ActiveCfg = Release|x64
		{85276E91-3248-4EAC-A6FE-908426646113}.Release|x64.Build.0 = Release|x64
		{85276E91-3248-4EAC-A6FE-908426646113}.Release|x86.ActiveCfg = Release|Win32
		{85276E91-3248-4EAC-A6FE-908426646113}.Release|x86.Build.0 = Release|Win32
		{BC9CF371-3187-4AA0-A67A-3FD3FACB1D7F}.Debug|x64.ActiveCfg = Debug|x64
		{BC9CF371-3187-4AA0-A67A-3FD3FACB1D7F}.Debug|x64.Build.0 = Debug|x64
		{BC9CF371-3187-4AA0-A67A-3FD3FACB1D7F}.Debug|x86.ActiveCfg = Debug|Win32
		{BC9CF371-3187-4AA0-A67A-3FD3FACB1D7F}.Debug|x86.Build.0 = Debug|Win32
		{BC9CF371-3187-4AA0-A67A-3FD3FACB1D7F}.Release|x64.ActiveCfg = Release|x64
		{BC9CF371-3187-4AA0-A67A-3FD3FACB1D7F}.Release|x64.Build.0 = Release|x64
		{BC9CF371-3187-4AA0-A67A-3FD3FACB1D7F}.Release|x86.ActiveCfg = Release|Win32
		{BC9CF371-3187-4AA0-A67A-3FD3FACB1D7F}.Release|x86.Build.0 = Release|Win32
		{DF7A951D-2CFF-4C5F-9487-4751BA720608}.Debug|x64.ActiveCfg = Debug|x64
		{DF7A951D-2CFF-4C5F-9487-4751BA720608}.Debug|x64.Build.0 = Debug|x64
		{DF7A951D-2CFF-4C5F-9487-4751BA720608}.Debug|x86.ActiveCfg = Debug|Win32
		{DF7A951D-2CFF-4C5F-9487-4751BA720608}.Debug|x86.Build.0 = Debug|Win32
		{DF7A951D-2CFF-4C5F-9487-4751BA720608}.Release|x64.ActiveCfg = Release|x64
		{DF7A951D-2CFF-4C5F-9487-4751BA720608}.Release|x64.Build.0 = Release|x64
		{DF7A951D-2CFF-4C5F-9487-4751BA720608}.Release|x86.ActiveCfg = Release|Win32
		{DF7A951D-2CFF-4C5F-9487-4751BA720608}.Release|x86.Build.0 = Release|Win32
		{5570B924-EE6B-499A-B42E-B10069F9E36B}.Debug|x64.ActiveCfg = Debug|x64
		{5570B924-EE6B-499A-B42E-B10069F9E36B}.Debug|x64.Build.0 = Debug|x64
		{5570B924-EE6B-499A-B42E-B10069F9E36B}.Debug|x86.ActiveCfg = Debug|Win32
		{5570B924-EE6B-499A-B42E-B10069F9E36B}.Debug|x86.Build.0 = Debug|Win32
		{5570B924-EE6B-499A-B42E-B10069F9E36B}.Release|x64.ActiveCfg = Release|x64
		{5570B924-EE6B-499A-B42E-B10069F9E36B}.Release|x64.Build.0 = Release|x64
		{5570B924-EE6B-499A-B42E-B10069F9E36B}.Release|x86.ActiveCfg = Release|Win32
		{5570B924-EE6B-499A-B42E-B10069F9E36B}.Release|x86.Build.0 = Release|Win32
		{C07E1E42-6B84-43C2-AC45-3441395743DB}.Debug|x64.ActiveCfg = Debug|x64
		{C07E1E42-6B84-43C2-AC45-3441395743DB}.Debug|x64.Build.0 = Debug|x64
		{C07E1E42-6B84-43C2-AC45-3441395743DB}.Debug|x86.ActiveCfg = Debug|Win32
		{C07E1E42-6B84-43C2-AC45-3441395743DB}.Debug|x86.Build.0 = Debug|Win32
		{C07E1E42-6B84-43C2-AC45-3441395743DB}.Release|x64.ActiveCfg = Release|x64
		{C07E1E42-6B84-43C2-AC45-3441395743DB}.Release|x64.Build.0 = Release|x64
		{C07E1E42-6B84-43C2-AC45-3441395743DB}.Release|x86.ActiveCfg = Release|Win32
		{C07E1E42-6B84-43C2-AC45-3441395743DB}.Release|x86.Build.0 = Release|Win32
		{4770B335-8F7E-412E-8217-CAAC0AB49D64}.Debug|x64.ActiveCfg = Debug|x64
		{4770B335-8F7E-412E-8217-CAAC0AB49D64}.Debug|x64.Build.0 = Debug|x64
		{4770B335-8F7E-412E-8217-CAAC0AB49D64}.Debug|x86.ActiveCfg = Debug|Win32
		{4770B335-8F7E-412E-8217-CAAC0AB49D64}.Debug|x86.Build.0 = Debug|Win32
		{4770B335-8F7E-412E-8217-CAAC0AB49D64}.Release|x64.ActiveCfg = Release|x64
		{4770B335-8F7E-412E-8217-CAAC0AB49D64}.Release|x64.Build.0 = Release|x64
		{4770B335-8F7E-412E-8217-CAAC0AB49D64}.Release|x86.ActiveCfg = Release|Win32
		{4770B335-8F7E-412E-8217-CAAC0AB49D64}.Release|x86.Build.0 = Release|Win32
	EndGlobalSection
	GlobalSection(SolutionProperties) = preSolution
		HideSolutionNode = FALSE
	EndGlobalSection
	GlobalSection(ExtensibilityGlobals) = postSolution
		SolutionGuid = {69D4DF1F-E619-4CAB-9124-401201FDD7CE}
	EndGlobalSection
EndGlobal
