<?xml version="1.0" encoding="utf-8"?>
<Project ToolsVersion="4.0" xmlns="http://schemas.microsoft.com/developer/msbuild/2003">
  <ItemGroup>
    <Filter Include="源文件">
      <UniqueIdentifier>{4FC737F1-C7A5-4376-A066-2A32D752A2FF}</UniqueIdentifier>
      <Extensions>cpp;c;cc;cxx;c++;cppm;ixx;def;odl;idl;hpj;bat;asm;asmx</Extensions>
    </Filter>
    <Filter Include="头文件">
      <UniqueIdentifier>{93995380-89BD-4b04-88EB-625FBE52EBFB}</UniqueIdentifier>
      <Extensions>h;hh;hpp;hxx;h++;hm;inl;inc;ipp;xsd</Extensions>
    </Filter>
    <Filter Include="资源文件">
      <UniqueIdentifier>{67DA6AB6-F800-4c08-8B7A-83BB121AAD01}</UniqueIdentifier>
      <Extensions>rc;ico;cur;bmp;dlg;rc2;rct;bin;rgs;gif;jpg;jpeg;jpe;resx;tiff;tif;png;wav;mfcribbon-ms</Extensions>
    </Filter>
    <Filter Include="Public">
      <UniqueIdentifier>{527ce15a-cbd0-446a-b3ed-6f69f9713ec8}</UniqueIdentifier>
    </Filter>
    <Filter Include="main">
      <UniqueIdentifier>{0816a1f6-dfdc-4385-9de0-d7bd378c607f}</UniqueIdentifier>
    </Filter>
    <Filter Include="Public\QuickLib">
      <UniqueIdentifier>{ef526350-4674-4645-9ee0-a35d41890299}</UniqueIdentifier>
    </Filter>
    <Filter Include="Public\QuickLib\kEncrypt">
      <UniqueIdentifier>{c95a09fe-0af0-4003-9fe4-1a7ba2e87853}</UniqueIdentifier>
    </Filter>
    <Filter Include="Public\QuickLib\kEncrypt\implement">
      <UniqueIdentifier>{73b79844-5687-4279-94bb-d7a8b9a641d8}</UniqueIdentifier>
    </Filter>
    <Filter Include="Public\QuickLib\kString">
      <UniqueIdentifier>{8814d2ea-236a-4eb4-bd6f-fe35b8bafd6e}</UniqueIdentifier>
    </Filter>
  </ItemGroup>
  <ItemGroup>
    <ClInclude Include="framework.h">
      <Filter>头文件</Filter>
    </ClInclude>
    <ClInclude Include="pch.h">
      <Filter>头文件</Filter>
    </ClInclude>
    <ClInclude Include="std_os.h">
      <Filter>源文件</Filter>
    </ClInclude>
    <ClInclude Include="Public\AutoObject\letMacro.h">
      <Filter>Public</Filter>
    </ClInclude>
    <ClInclude Include="Public\AutoObject\LetManager.h">
      <Filter>Public</Filter>
    </ClInclude>
    <ClInclude Include="Public\AutoObject\LetObject.h">
      <Filter>Public</Filter>
    </ClInclude>
    <ClInclude Include="..\..\..\QuickLib\QuickLib\QuickLib\encrypt.h">
      <Filter>Public\QuickLib</Filter>
    </ClInclude>
    <ClInclude Include="..\..\..\QuickLib\QuickLib\QuickLib\quicklib.h">
      <Filter>Public\QuickLib</Filter>
    </ClInclude>
    <ClInclude Include="..\..\..\QuickLib\QuickLib\QuickLib\string.h">
      <Filter>Public\QuickLib</Filter>
    </ClInclude>
    <ClInclude Include="..\..\..\QuickLib\QuickLib\QuickLib\kEncrypt\base64.h">
      <Filter>Public\QuickLib\kEncrypt</Filter>
    </ClInclude>
    <ClInclude Include="..\..\..\QuickLib\QuickLib\QuickLib\kEncrypt\md5.h">
      <Filter>Public\QuickLib\kEncrypt</Filter>
    </ClInclude>
    <ClInclude Include="..\..\..\QuickLib\QuickLib\QuickLib\kEncrypt\implement\md5encrypt.h">
      <Filter>Public\QuickLib\kEncrypt\implement</Filter>
    </ClInclude>
    <ClInclude Include="..\..\..\QuickLib\QuickLib\QuickLib\kString\kString.h">
      <Filter>Public\QuickLib\kString</Filter>
    </ClInclude>
    <ClInclude Include="..\..\array\std_array\Public\AutoObject\LetArrayMotion.h">
      <Filter>Public</Filter>
    </ClInclude>
  </ItemGroup>
  <ItemGroup>
    <ClCompile Include="dllmain.cpp">
      <Filter>源文件</Filter>
    </ClCompile>
    <ClCompile Include="std_os.cpp">
      <Filter>源文件</Filter>
    </ClCompile>
    <ClCompile Include="Public\AutoObject\LetManager.cpp">
      <Filter>Public</Filter>
    </ClCompile>
    <ClCompile Include="Public\AutoObject\LetObject.cpp">
      <Filter>Public</Filter>
    </ClCompile>
    <ClCompile Include="Public\AutoObject\LetObjectOperator.cpp">
      <Filter>Public</Filter>
    </ClCompile>
    <ClCompile Include="..\..\..\QuickLib\QuickLib\QuickLib\kEncrypt\base64.cpp">
      <Filter>Public\QuickLib\kEncrypt</Filter>
    </ClCompile>
    <ClCompile Include="..\..\..\QuickLib\QuickLib\QuickLib\kEncrypt\md5.cpp">
      <Filter>Public\QuickLib\kEncrypt</Filter>
    </ClCompile>
    <ClCompile Include="..\..\..\QuickLib\QuickLib\QuickLib\kEncrypt\implement\md5encrypt.cpp">
      <Filter>Public\QuickLib\kEncrypt\implement</Filter>
    </ClCompile>
    <ClCompile Include="..\..\..\QuickLib\QuickLib\QuickLib\kString\kString.cpp">
      <Filter>Public\QuickLib\kString</Filter>
    </ClCompile>
    <ClCompile Include="..\..\array\std_array\Public\AutoObject\LetArrayMotion.cpp">
      <Filter>Public</Filter>
    </ClCompile>
    <ClCompile Include="Public\AutoObject\LetTools.cpp">
      <Filter>Public</Filter>
    </ClCompile>
  </ItemGroup>
  <ItemGroup>
    <None Include="Public\AutoObject\LetObject.tpp">
      <Filter>Public</Filter>
    </None>
    <None Include="..\..\..\QuickLib\QuickLib\QuickLib\kString\kString.tpp">
      <Filter>Public\QuickLib\kString</Filter>
    </None>
  </ItemGroup>
</Project>