<?xml version="1.0" encoding="utf-8"?>
<Project ToolsVersion="4.0" xmlns="http://schemas.microsoft.com/developer/msbuild/2003">
  <ItemGroup>
    <Filter Include="源文件">
      <UniqueIdentifier>{4FC737F1-C7A5-4376-A066-2A32D752A2FF}</UniqueIdentifier>
      <Extensions>cpp;c;cc;cxx;c++;cppm;ixx;def;odl;idl;hpj;bat;asm;asmx</Extensions>
    </Filter>
    <Filter Include="头文件">
      <UniqueIdentifier>{93995380-89BD-4b04-88EB-625FBE52EBFB}</UniqueIdentifier>
      <Extensions>h;hh;hpp;hxx;h++;hm;inl;inc;ipp;xsd</Extensions>
    </Filter>
    <Filter Include="资源文件">
      <UniqueIdentifier>{67DA6AB6-F800-4c08-8B7A-83BB121AAD01}</UniqueIdentifier>
      <Extensions>rc;ico;cur;bmp;dlg;rc2;rct;bin;rgs;gif;jpg;jpeg;jpe;resx;tiff;tif;png;wav;mfcribbon-ms</Extensions>
    </Filter>
    <Filter Include="Public">
      <UniqueIdentifier>{1c902b5f-1fd9-4b7d-b864-6775c06ff583}</UniqueIdentifier>
    </Filter>
    <Filter Include="Public\QuickLib">
      <UniqueIdentifier>{f57c063a-9770-486f-a4e1-211bff185c46}</UniqueIdentifier>
    </Filter>
    <Filter Include="Public\QuickLib\kEncrypt">
      <UniqueIdentifier>{1428ea37-9de5-4968-b7df-90a2ed2e7f96}</UniqueIdentifier>
    </Filter>
    <Filter Include="Public\QuickLib\kEncrypt\implement">
      <UniqueIdentifier>{3df114f5-01a5-4402-9641-5fbd3a882cdc}</UniqueIdentifier>
    </Filter>
    <Filter Include="Public\QuickLib\kString">
      <UniqueIdentifier>{6fa6d930-c21b-4bc4-8385-ae294f3d4035}</UniqueIdentifier>
    </Filter>
  </ItemGroup>
  <ItemGroup>
    <ClCompile Include="dllmain.cpp">
      <Filter>源文件</Filter>
    </ClCompile>
    <ClCompile Include="std_window.cpp">
      <Filter>源文件</Filter>
    </ClCompile>
    <ClCompile Include="Public\AutoObject\LetArrayMotion.cpp">
      <Filter>Public</Filter>
    </ClCompile>
    <ClCompile Include="Public\AutoObject\LetManager.cpp">
      <Filter>Public</Filter>
    </ClCompile>
    <ClCompile Include="Public\AutoObject\LetObject.cpp">
      <Filter>Public</Filter>
    </ClCompile>
    <ClCompile Include="Public\AutoObject\LetObjectOperator.cpp">
      <Filter>Public</Filter>
    </ClCompile>
    <ClCompile Include="..\..\..\..\QuickLib\QuickLib\QuickLib\kEncrypt\base64.cpp">
      <Filter>Public\QuickLib\kEncrypt</Filter>
    </ClCompile>
    <ClCompile Include="..\..\..\..\QuickLib\QuickLib\QuickLib\kEncrypt\md5.cpp">
      <Filter>Public\QuickLib\kEncrypt</Filter>
    </ClCompile>
    <ClCompile Include="..\..\..\..\QuickLib\QuickLib\QuickLib\kEncrypt\implement\md5encrypt.cpp">
      <Filter>Public\QuickLib\kEncrypt\implement</Filter>
    </ClCompile>
    <ClCompile Include="..\..\..\..\QuickLib\QuickLib\QuickLib\kString\kString.cpp">
      <Filter>Public\QuickLib\kString</Filter>
    </ClCompile>
    <ClCompile Include="webbowser.cpp">
      <Filter>源文件</Filter>
    </ClCompile>
    <ClCompile Include="webview2.cpp">
      <Filter>源文件</Filter>
    </ClCompile>
  </ItemGroup>
  <ItemGroup>
    <ClInclude Include="std_window.h">
      <Filter>源文件</Filter>
    </ClInclude>
    <ClInclude Include="Public\AutoObject\LetArrayMotion.h">
      <Filter>Public</Filter>
    </ClInclude>
    <ClInclude Include="Public\AutoObject\letMacro.h">
      <Filter>Public</Filter>
    </ClInclude>
    <ClInclude Include="Public\AutoObject\LetManager.h">
      <Filter>Public</Filter>
    </ClInclude>
    <ClInclude Include="Public\AutoObject\LetObject.h">
      <Filter>Public</Filter>
    </ClInclude>
    <ClInclude Include="..\..\..\..\QuickLib\QuickLib\QuickLib\encrypt.h">
      <Filter>Public\QuickLib</Filter>
    </ClInclude>
    <ClInclude Include="..\..\..\..\QuickLib\QuickLib\QuickLib\quicklib.h">
      <Filter>Public\QuickLib</Filter>
    </ClInclude>
    <ClInclude Include="..\..\..\..\QuickLib\QuickLib\QuickLib\string.h">
      <Filter>Public\QuickLib</Filter>
    </ClInclude>
    <ClInclude Include="..\..\..\..\QuickLib\QuickLib\QuickLib\kEncrypt\base64.h">
      <Filter>Public\QuickLib\kEncrypt</Filter>
    </ClInclude>
    <ClInclude Include="..\..\..\..\QuickLib\QuickLib\QuickLib\kEncrypt\md5.h">
      <Filter>Public\QuickLib\kEncrypt</Filter>
    </ClInclude>
    <ClInclude Include="..\..\..\..\QuickLib\QuickLib\QuickLib\kEncrypt\implement\md5encrypt.h">
      <Filter>Public\QuickLib\kEncrypt\implement</Filter>
    </ClInclude>
    <ClInclude Include="..\..\..\..\QuickLib\QuickLib\QuickLib\kString\kString.h">
      <Filter>Public\QuickLib\kString</Filter>
    </ClInclude>
    <ClInclude Include="webbowser.h">
      <Filter>源文件</Filter>
    </ClInclude>
    <ClInclude Include="webview2.h">
      <Filter>源文件</Filter>
    </ClInclude>
  </ItemGroup>
  <ItemGroup>
    <None Include="..\..\..\..\QuickLib\QuickLib\QuickLib\kString\kString.tpp">
      <Filter>Public\QuickLib\kString</Filter>
    </None>
    <None Include="packages.config" />
  </ItemGroup>
  <ItemGroup>
    <Natvis Include="$(MSBuildThisFileDirectory)..\..\natvis\wil.natvis" />
  </ItemGroup>
</Project>